
Microsoft Visual Studio Solution File, Format Version 12.00
# Visual Studio Version 16
VisualStudioVersion = 16.0.29509.3
MinimumVisualStudioVersion = 10.0.40219.1
Project("{FAE04EC0-301F-11D3-BF4B-00C04F79EFBC}") = "Lab5_2Enum", "Lab5_2Enum.csproj", "{7A559A91-5EA5-46A1-BCAB-9C084EFA17FB}"
EndProject
Global
	GlobalSection(SolutionConfigurationPlatforms) = preSolution
		Debug|Any CPU = Debug|Any CPU
		Release|Any CPU = Release|Any CPU
	EndGlobalSection
	GlobalSection(ProjectConfigurationPlatforms) = postSolution
		{7A559A91-5EA5-46A1-BCAB-9C084EFA17FB}.Debug|Any CPU.ActiveCfg = Debug|Any CPU
		{7A559A91-5EA5-46A1-BCAB-9C084EFA17FB}.Debug|Any CPU.Build.0 = Debug|Any CPU
		{7A559A91-5EA5-46A1-BCAB-9C084EFA17FB}.Release|Any CPU.ActiveCfg = Release|Any CPU
		{7A559A91-5EA5-46A1-BCAB-9C084EFA17FB}.Release|Any CPU.Build.0 = Release|Any CPU
	EndGlobalSection
	GlobalSection(SolutionProperties) = preSolution
		HideSolutionNode = FALSE
	EndGlobalSection
	GlobalSection(ExtensibilityGlobals) = postSolution
		SolutionGuid = {CAF9D637-3694-4496-8118-63C96FDD9786}
	EndGlobalSection
EndGlobal
